# This file is generated by running "yarn install" inside your project.
# Manual changes might be lost - proceed with caution!

__metadata:
  version: 8
  cacheKey: 10

"@emnapi/runtime@npm:^1.4.0":
  version: 1.4.1
  resolution: "@emnapi/runtime@npm:1.4.1"
  dependencies:
    tslib: "npm:^2.4.0"
  checksum: 10/594ea5f45d5ecb72113fc707b997b9c2452329d0e358931c5a769aefabaf85ce7db213a85cef9140f4c69eb5fb3adf825d63e37c2188cec5ff73354c6e220a8c
  languageName: node
  linkType: hard

"@img/sharp-darwin-arm64@npm:0.34.1":
  version: 0.34.1
  resolution: "@img/sharp-darwin-arm64@npm:0.34.1"
  dependencies:
    "@img/sharp-libvips-darwin-arm64": "npm:1.1.0"
  dependenciesMeta:
    "@img/sharp-libvips-darwin-arm64":
      optional: true
  conditions: os=darwin & cpu=arm64
  languageName: node
  linkType: hard

"@img/sharp-darwin-x64@npm:0.34.1":
  version: 0.34.1
  resolution: "@img/sharp-darwin-x64@npm:0.34.1"
  dependencies:
    "@img/sharp-libvips-darwin-x64": "npm:1.1.0"
  dependenciesMeta:
    "@img/sharp-libvips-darwin-x64":
      optional: true
  conditions: os=darwin & cpu=x64
  languageName: node
  linkType: hard

"@img/sharp-libvips-darwin-arm64@npm:1.1.0":
  version: 1.1.0
  resolution: "@img/sharp-libvips-darwin-arm64@npm:1.1.0"
  conditions: os=darwin & cpu=arm64
  languageName: node
  linkType: hard

"@img/sharp-libvips-darwin-x64@npm:1.1.0":
  version: 1.1.0
  resolution: "@img/sharp-libvips-darwin-x64@npm:1.1.0"
  conditions: os=darwin & cpu=x64
  languageName: node
  linkType: hard

"@img/sharp-libvips-linux-arm64@npm:1.1.0":
  version: 1.1.0
  resolution: "@img/sharp-libvips-linux-arm64@npm:1.1.0"
  conditions: os=linux & cpu=arm64 & libc=glibc
  languageName: node
  linkType: hard

"@img/sharp-libvips-linux-arm@npm:1.1.0":
  version: 1.1.0
  resolution: "@img/sharp-libvips-linux-arm@npm:1.1.0"
  conditions: os=linux & cpu=arm & libc=glibc
  languageName: node
  linkType: hard

"@img/sharp-libvips-linux-ppc64@npm:1.1.0":
  version: 1.1.0
  resolution: "@img/sharp-libvips-linux-ppc64@npm:1.1.0"
  conditions: os=linux & cpu=ppc64 & libc=glibc
  languageName: node
  linkType: hard

"@img/sharp-libvips-linux-s390x@npm:1.1.0":
  version: 1.1.0
  resolution: "@img/sharp-libvips-linux-s390x@npm:1.1.0"
  conditions: os=linux & cpu=s390x & libc=glibc
  languageName: node
  linkType: hard

"@img/sharp-libvips-linux-x64@npm:1.1.0":
  version: 1.1.0
  resolution: "@img/sharp-libvips-linux-x64@npm:1.1.0"
  conditions: os=linux & cpu=x64 & libc=glibc
  languageName: node
  linkType: hard

"@img/sharp-libvips-linuxmusl-arm64@npm:1.1.0":
  version: 1.1.0
  resolution: "@img/sharp-libvips-linuxmusl-arm64@npm:1.1.0"
  conditions: os=linux & cpu=arm64 & libc=musl
  languageName: node
  linkType: hard

"@img/sharp-libvips-linuxmusl-x64@npm:1.1.0":
  version: 1.1.0
  resolution: "@img/sharp-libvips-linuxmusl-x64@npm:1.1.0"
  conditions: os=linux & cpu=x64 & libc=musl
  languageName: node
  linkType: hard

"@img/sharp-linux-arm64@npm:0.34.1":
  version: 0.34.1
  resolution: "@img/sharp-linux-arm64@npm:0.34.1"
  dependencies:
    "@img/sharp-libvips-linux-arm64": "npm:1.1.0"
  dependenciesMeta:
    "@img/sharp-libvips-linux-arm64":
      optional: true
  conditions: os=linux & cpu=arm64 & libc=glibc
  languageName: node
  linkType: hard

"@img/sharp-linux-arm@npm:0.34.1":
  version: 0.34.1
  resolution: "@img/sharp-linux-arm@npm:0.34.1"
  dependencies:
    "@img/sharp-libvips-linux-arm": "npm:1.1.0"
  dependenciesMeta:
    "@img/sharp-libvips-linux-arm":
      optional: true
  conditions: os=linux & cpu=arm & libc=glibc
  languageName: node
  linkType: hard

"@img/sharp-linux-s390x@npm:0.34.1":
  version: 0.34.1
  resolution: "@img/sharp-linux-s390x@npm:0.34.1"
  dependencies:
    "@img/sharp-libvips-linux-s390x": "npm:1.1.0"
  dependenciesMeta:
    "@img/sharp-libvips-linux-s390x":
      optional: true
  conditions: os=linux & cpu=s390x & libc=glibc
  languageName: node
  linkType: hard

"@img/sharp-linux-x64@npm:0.34.1":
  version: 0.34.1
  resolution: "@img/sharp-linux-x64@npm:0.34.1"
  dependencies:
    "@img/sharp-libvips-linux-x64": "npm:1.1.0"
  dependenciesMeta:
    "@img/sharp-libvips-linux-x64":
      optional: true
  conditions: os=linux & cpu=x64 & libc=glibc
  languageName: node
  linkType: hard

"@img/sharp-linuxmusl-arm64@npm:0.34.1":
  version: 0.34.1
  resolution: "@img/sharp-linuxmusl-arm64@npm:0.34.1"
  dependencies:
    "@img/sharp-libvips-linuxmusl-arm64": "npm:1.1.0"
  dependenciesMeta:
    "@img/sharp-libvips-linuxmusl-arm64":
      optional: true
  conditions: os=linux & cpu=arm64 & libc=musl
  languageName: node
  linkType: hard

"@img/sharp-linuxmusl-x64@npm:0.34.1":
  version: 0.34.1
  resolution: "@img/sharp-linuxmusl-x64@npm:0.34.1"
  dependencies:
    "@img/sharp-libvips-linuxmusl-x64": "npm:1.1.0"
  dependenciesMeta:
    "@img/sharp-libvips-linuxmusl-x64":
      optional: true
  conditions: os=linux & cpu=x64 & libc=musl
  languageName: node
  linkType: hard

"@img/sharp-wasm32@npm:0.34.1":
  version: 0.34.1
  resolution: "@img/sharp-wasm32@npm:0.34.1"
  dependencies:
    "@emnapi/runtime": "npm:^1.4.0"
  conditions: cpu=wasm32
  languageName: node
  linkType: hard

"@img/sharp-win32-ia32@npm:0.34.1":
  version: 0.34.1
  resolution: "@img/sharp-win32-ia32@npm:0.34.1"
  conditions: os=win32 & cpu=ia32
  languageName: node
  linkType: hard

"@img/sharp-win32-x64@npm:0.34.1":
  version: 0.34.1
  resolution: "@img/sharp-win32-x64@npm:0.34.1"
  conditions: os=win32 & cpu=x64
  languageName: node
  linkType: hard

"@next/env@npm:15.3.3":
  version: 15.3.3
  resolution: "@next/env@npm:15.3.3"
  checksum: 10/f71fd8b397c60b80ee2ba836152d2c8bc772f4f840b976bfd82ca0c1452539b4832a1ce6702a90da1d4edb874383944ea2662add5c0729423cd4d1cb2e58fc3d
  languageName: node
  linkType: hard

"@next/swc-darwin-arm64@npm:15.3.3":
  version: 15.3.3
  resolution: "@next/swc-darwin-arm64@npm:15.3.3"
  conditions: os=darwin & cpu=arm64
  languageName: node
  linkType: hard

"@next/swc-darwin-x64@npm:15.3.3":
  version: 15.3.3
  resolution: "@next/swc-darwin-x64@npm:15.3.3"
  conditions: os=darwin & cpu=x64
  languageName: node
  linkType: hard

"@next/swc-linux-arm64-gnu@npm:15.3.3":
  version: 15.3.3
  resolution: "@next/swc-linux-arm64-gnu@npm:15.3.3"
  conditions: os=linux & cpu=arm64 & libc=glibc
  languageName: node
  linkType: hard

"@next/swc-linux-arm64-musl@npm:15.3.3":
  version: 15.3.3
  resolution: "@next/swc-linux-arm64-musl@npm:15.3.3"
  conditions: os=linux & cpu=arm64 & libc=musl
  languageName: node
  linkType: hard

"@next/swc-linux-x64-gnu@npm:15.3.3":
  version: 15.3.3
  resolution: "@next/swc-linux-x64-gnu@npm:15.3.3"
  conditions: os=linux & cpu=x64 & libc=glibc
  languageName: node
  linkType: hard

"@next/swc-linux-x64-musl@npm:15.3.3":
  version: 15.3.3
  resolution: "@next/swc-linux-x64-musl@npm:15.3.3"
  conditions: os=linux & cpu=x64 & libc=musl
  languageName: node
  linkType: hard

"@next/swc-win32-arm64-msvc@npm:15.3.3":
  version: 15.3.3
  resolution: "@next/swc-win32-arm64-msvc@npm:15.3.3"
  conditions: os=win32 & cpu=arm64
  languageName: node
  linkType: hard

"@next/swc-win32-x64-msvc@npm:15.3.3":
  version: 15.3.3
  resolution: "@next/swc-win32-x64-msvc@npm:15.3.3"
  conditions: os=win32 & cpu=x64
  languageName: node
  linkType: hard

"@swc/counter@npm:0.1.3":
  version: 0.1.3
  resolution: "@swc/counter@npm:0.1.3"
  checksum: 10/df8f9cfba9904d3d60f511664c70d23bb323b3a0803ec9890f60133954173047ba9bdeabce28cd70ba89ccd3fd6c71c7b0bd58be85f611e1ffbe5d5c18616598
  languageName: node
  linkType: hard

"@swc/helpers@npm:0.5.15":
  version: 0.5.15
  resolution: "@swc/helpers@npm:0.5.15"
  dependencies:
    tslib: "npm:^2.8.0"
  checksum: 10/e3f32c6deeecfb0fa3f22edff03a7b358e7ce16d27b0f1c8b5cdc3042c5c4ce4da6eac0b781ab7cc4f54696ece657467d56734fb26883439fb00017385364c4c
  languageName: node
  linkType: hard

"@types/node@npm:^20":
  version: 20.17.30
  resolution: "@types/node@npm:20.17.30"
  dependencies:
    undici-types: "npm:~6.19.2"
  checksum: 10/69fd3b177417be77b459e8f1dd4e78c85c686167086920fbf35a9fda301709bbeee6a87ad2591fb1ddd96c65e725ec6bb527a06496626a1c94367d1361048f8d
  languageName: node
  linkType: hard

"@types/react-dom@npm:^19":
  version: 19.1.2
  resolution: "@types/react-dom@npm:19.1.2"
  peerDependencies:
    "@types/react": ^19.0.0
  checksum: 10/bcadf2a1f4d23db8c1aaa0d13e30866d7bcda076801bbc66df14512932e0802ddac526bf15f4cce9777cd6e0bd3803aba47a1d726977f5193b4bc173348508d0
  languageName: node
  linkType: hard

"@types/react@npm:^19":
  version: 19.1.2
  resolution: "@types/react@npm:19.1.2"
  dependencies:
    csstype: "npm:^3.0.2"
  checksum: 10/17803797227d2fc07a2cd6c17d57b1ea9b01eb16eca6318be60852c8d7467b4b58e675742f53d77ff4a37621a5814f16847dede73999181cb7f9449c1784fab6
  languageName: node
  linkType: hard

"busboy@npm:1.6.0":
  version: 1.6.0
  resolution: "busboy@npm:1.6.0"
  dependencies:
    streamsearch: "npm:^1.1.0"
  checksum: 10/bee10fa10ea58e7e3e7489ffe4bda6eacd540a17de9f9cd21cc37e297b2dd9fe52b2715a5841afaec82900750d810d01d7edb4b2d456427f449b92b417579763
  languageName: node
  linkType: hard

"caniuse-lite@npm:^1.0.30001579":
  version: 1.0.30001713
  resolution: "caniuse-lite@npm:1.0.30001713"
  checksum: 10/0c1b97320d08cf87c73883fe9a7b9d8037b7c24aa027641e75cce3dee74c9ad538cf17725fdcb46e6ec86be8efedf6edd0848db07c5f8110936ccf0185e2ff68
  languageName: node
  linkType: hard

"client-only@npm:0.0.1":
  version: 0.0.1
  resolution: "client-only@npm:0.0.1"
  checksum: 10/0c16bf660dadb90610553c1d8946a7fdfb81d624adea073b8440b7d795d5b5b08beb3c950c6a2cf16279365a3265158a236876d92bce16423c485c322d7dfaf8
  languageName: node
  linkType: hard

"color-convert@npm:^2.0.1":
  version: 2.0.1
  resolution: "color-convert@npm:2.0.1"
  dependencies:
    color-name: "npm:~1.1.4"
  checksum: 10/fa00c91b4332b294de06b443923246bccebe9fab1b253f7fe1772d37b06a2269b4039a85e309abe1fe11b267b11c08d1d0473fda3badd6167f57313af2887a64
  languageName: node
  linkType: hard

"color-name@npm:^1.0.0, color-name@npm:~1.1.4":
  version: 1.1.4
  resolution: "color-name@npm:1.1.4"
  checksum: 10/b0445859521eb4021cd0fb0cc1a75cecf67fceecae89b63f62b201cca8d345baf8b952c966862a9d9a2632987d4f6581f0ec8d957dfacece86f0a7919316f610
  languageName: node
  linkType: hard

"color-string@npm:^1.9.0":
  version: 1.9.1
  resolution: "color-string@npm:1.9.1"
  dependencies:
    color-name: "npm:^1.0.0"
    simple-swizzle: "npm:^0.2.2"
  checksum: 10/72aa0b81ee71b3f4fb1ac9cd839cdbd7a011a7d318ef58e6cb13b3708dca75c7e45029697260488709f1b1c7ac4e35489a87e528156c1e365917d1c4ccb9b9cd
  languageName: node
  linkType: hard

"color@npm:^4.2.3":
  version: 4.2.3
  resolution: "color@npm:4.2.3"
  dependencies:
    color-convert: "npm:^2.0.1"
    color-string: "npm:^1.9.0"
  checksum: 10/b23f5e500a79ea22428db43d1a70642d983405c0dd1f95ef59dbdb9ba66afbb4773b334fa0b75bb10b0552fd7534c6b28d4db0a8b528f91975976e70973c0152
  languageName: node
  linkType: hard

"csstype@npm:^3.0.2":
  version: 3.1.3
  resolution: "csstype@npm:3.1.3"
  checksum: 10/f593cce41ff5ade23f44e77521e3a1bcc2c64107041e1bf6c3c32adc5187d0d60983292fda326154d20b01079e24931aa5b08e4467cc488b60bb1e7f6d478ade
  languageName: node
  linkType: hard

"detect-libc@npm:^2.0.3":
  version: 2.0.3
  resolution: "detect-libc@npm:2.0.3"
  checksum: 10/b4ea018d623e077bd395f168a9e81db77370dde36a5b01d067f2ad7989924a81d31cb547ff764acb2aa25d50bb7fdde0b0a93bec02212b0cb430621623246d39
  languageName: node
  linkType: hard

"is-arrayish@npm:^0.3.1":
  version: 0.3.2
  resolution: "is-arrayish@npm:0.3.2"
  checksum: 10/81a78d518ebd8b834523e25d102684ee0f7e98637136d3bdc93fd09636350fa06f1d8ca997ea28143d4d13cb1b69c0824f082db0ac13e1ab3311c10ffea60ade
  languageName: node
  linkType: hard

"nanoid@npm:^3.3.6":
  version: 3.3.11
  resolution: "nanoid@npm:3.3.11"
  bin:
    nanoid: bin/nanoid.cjs
  checksum: 10/73b5afe5975a307aaa3c95dfe3334c52cdf9ae71518176895229b8d65ab0d1c0417dd081426134eb7571c055720428ea5d57c645138161e7d10df80815527c48
  languageName: node
  linkType: hard

"next@npm:15.3.3":
  version: 15.3.3
  resolution: "next@npm:15.3.3"
  dependencies:
    "@next/env": "npm:15.3.3"
    "@next/swc-darwin-arm64": "npm:15.3.3"
    "@next/swc-darwin-x64": "npm:15.3.3"
    "@next/swc-linux-arm64-gnu": "npm:15.3.3"
    "@next/swc-linux-arm64-musl": "npm:15.3.3"
    "@next/swc-linux-x64-gnu": "npm:15.3.3"
    "@next/swc-linux-x64-musl": "npm:15.3.3"
    "@next/swc-win32-arm64-msvc": "npm:15.3.3"
    "@next/swc-win32-x64-msvc": "npm:15.3.3"
    "@swc/counter": "npm:0.1.3"
    "@swc/helpers": "npm:0.5.15"
    busboy: "npm:1.6.0"
    caniuse-lite: "npm:^1.0.30001579"
    postcss: "npm:8.4.31"
    sharp: "npm:^0.34.1"
    styled-jsx: "npm:5.1.6"
  peerDependencies:
    "@opentelemetry/api": ^1.1.0
    "@playwright/test": ^1.41.2
    babel-plugin-react-compiler: "*"
    react: ^18.2.0 || 19.0.0-rc-de68d2f4-20241204 || ^19.0.0
    react-dom: ^18.2.0 || 19.0.0-rc-de68d2f4-20241204 || ^19.0.0
    sass: ^1.3.0
  dependenciesMeta:
    "@next/swc-darwin-arm64":
      optional: true
    "@next/swc-darwin-x64":
      optional: true
    "@next/swc-linux-arm64-gnu":
      optional: true
    "@next/swc-linux-arm64-musl":
      optional: true
    "@next/swc-linux-x64-gnu":
      optional: true
    "@next/swc-linux-x64-musl":
      optional: true
    "@next/swc-win32-arm64-msvc":
      optional: true
    "@next/swc-win32-x64-msvc":
      optional: true
    sharp:
      optional: true
  peerDependenciesMeta:
    "@opentelemetry/api":
      optional: true
    "@playwright/test":
      optional: true
    babel-plugin-react-compiler:
      optional: true
    sass:
      optional: true
  bin:
    next: dist/bin/next
  checksum: 10/287e3b24aade1763b13f95246d7df0e23d5fdde2d8c4b170360b22fabfa38184e102eb64886260e0034f4fc6979a1d47929e423d7946f5da57d306034645f6c7
  languageName: node
  linkType: hard

"nextjs@workspace:.":
  version: 0.0.0-use.local
  resolution: "nextjs@workspace:."
  dependencies:
    "@types/node": "npm:^20"
    "@types/react": "npm:^19"
    "@types/react-dom": "npm:^19"
    next: "npm:15.3.3"
    react: "npm:^19.0.0"
    react-dom: "npm:^19.0.0"
    typescript: "npm:^5"
  languageName: unknown
  linkType: soft

"picocolors@npm:^1.0.0":
  version: 1.1.1
  resolution: "picocolors@npm:1.1.1"
  checksum: 10/e1cf46bf84886c79055fdfa9dcb3e4711ad259949e3565154b004b260cd356c5d54b31a1437ce9782624bf766272fe6b0154f5f0c744fb7af5d454d2b60db045
  languageName: node
  linkType: hard

"postcss@npm:8.4.31":
  version: 8.4.31
  resolution: "postcss@npm:8.4.31"
  dependencies:
    nanoid: "npm:^3.3.6"
    picocolors: "npm:^1.0.0"
    source-map-js: "npm:^1.0.2"
  checksum: 10/1a6653e72105907377f9d4f2cd341d8d90e3fde823a5ddea1e2237aaa56933ea07853f0f2758c28892a1d70c53bbaca200eb8b80f8ed55f13093003dbec5afa0
  languageName: node
  linkType: hard

"react-dom@npm:^19.0.0":
  version: 19.1.0
  resolution: "react-dom@npm:19.1.0"
  dependencies:
    scheduler: "npm:^0.26.0"
  peerDependencies:
    react: ^19.1.0
  checksum: 10/c5b58605862c7b0bb044416b01c73647bb8e89717fb5d7a2c279b11815fb7b49b619fe685c404e59f55eb52c66831236cc565c25ee1c2d042739f4a2cc538aa2
  languageName: node
  linkType: hard

"react@npm:^19.0.0":
  version: 19.1.0
  resolution: "react@npm:19.1.0"
  checksum: 10/d0180689826fd9de87e839c365f6f361c561daea397d61d724687cae88f432a307d1c0f53a0ee95ddbe3352c10dac41d7ff1ad85530fb24951b27a39e5398db4
  languageName: node
  linkType: hard

"scheduler@npm:^0.26.0":
  version: 0.26.0
  resolution: "scheduler@npm:0.26.0"
  checksum: 10/1ecf2e5d7de1a7a132796834afe14a2d589ba7e437615bd8c06f3e0786a3ac3434655e67aac8755d9b14e05754c177e49c064261de2673aaa3c926bc98caa002
  languageName: node
  linkType: hard

"semver@npm:^7.7.1":
  version: 7.7.1
  resolution: "semver@npm:7.7.1"
  bin:
    semver: bin/semver.js
  checksum: 10/4cfa1eb91ef3751e20fc52e47a935a0118d56d6f15a837ab814da0c150778ba2ca4f1a4d9068b33070ea4273629e615066664c2cfcd7c272caf7a8a0f6518b2c
  languageName: node
  linkType: hard

"sharp@npm:^0.34.1":
  version: 0.34.1
  resolution: "sharp@npm:0.34.1"
  dependencies:
    "@img/sharp-darwin-arm64": "npm:0.34.1"
    "@img/sharp-darwin-x64": "npm:0.34.1"
    "@img/sharp-libvips-darwin-arm64": "npm:1.1.0"
    "@img/sharp-libvips-darwin-x64": "npm:1.1.0"
    "@img/sharp-libvips-linux-arm": "npm:1.1.0"
    "@img/sharp-libvips-linux-arm64": "npm:1.1.0"
    "@img/sharp-libvips-linux-ppc64": "npm:1.1.0"
    "@img/sharp-libvips-linux-s390x": "npm:1.1.0"
    "@img/sharp-libvips-linux-x64": "npm:1.1.0"
    "@img/sharp-libvips-linuxmusl-arm64": "npm:1.1.0"
    "@img/sharp-libvips-linuxmusl-x64": "npm:1.1.0"
    "@img/sharp-linux-arm": "npm:0.34.1"
    "@img/sharp-linux-arm64": "npm:0.34.1"
    "@img/sharp-linux-s390x": "npm:0.34.1"
    "@img/sharp-linux-x64": "npm:0.34.1"
    "@img/sharp-linuxmusl-arm64": "npm:0.34.1"
    "@img/sharp-linuxmusl-x64": "npm:0.34.1"
    "@img/sharp-wasm32": "npm:0.34.1"
    "@img/sharp-win32-ia32": "npm:0.34.1"
    "@img/sharp-win32-x64": "npm:0.34.1"
    color: "npm:^4.2.3"
    detect-libc: "npm:^2.0.3"
    semver: "npm:^7.7.1"
  dependenciesMeta:
    "@img/sharp-darwin-arm64":
      optional: true
    "@img/sharp-darwin-x64":
      optional: true
    "@img/sharp-libvips-darwin-arm64":
      optional: true
    "@img/sharp-libvips-darwin-x64":
      optional: true
    "@img/sharp-libvips-linux-arm":
      optional: true
    "@img/sharp-libvips-linux-arm64":
      optional: true
    "@img/sharp-libvips-linux-ppc64":
      optional: true
    "@img/sharp-libvips-linux-s390x":
      optional: true
    "@img/sharp-libvips-linux-x64":
      optional: true
    "@img/sharp-libvips-linuxmusl-arm64":
      optional: true
    "@img/sharp-libvips-linuxmusl-x64":
      optional: true
    "@img/sharp-linux-arm":
      optional: true
    "@img/sharp-linux-arm64":
      optional: true
    "@img/sharp-linux-s390x":
      optional: true
    "@img/sharp-linux-x64":
      optional: true
    "@img/sharp-linuxmusl-arm64":
      optional: true
    "@img/sharp-linuxmusl-x64":
      optional: true
    "@img/sharp-wasm32":
      optional: true
    "@img/sharp-win32-ia32":
      optional: true
    "@img/sharp-win32-x64":
      optional: true
  checksum: 10/aecb960c0780b56134bfef01b7aeaa4e6650320a8a1f491237b45e900fc670830ee5d0600f30e51878328109db82e376bb526931d07a2e9358510ef30ab5abe8
  languageName: node
  linkType: hard

"simple-swizzle@npm:^0.2.2":
  version: 0.2.2
  resolution: "simple-swizzle@npm:0.2.2"
  dependencies:
    is-arrayish: "npm:^0.3.1"
  checksum: 10/c6dffff17aaa383dae7e5c056fbf10cf9855a9f79949f20ee225c04f06ddde56323600e0f3d6797e82d08d006e93761122527438ee9531620031c08c9e0d73cc
  languageName: node
  linkType: hard

"source-map-js@npm:^1.0.2":
  version: 1.2.1
  resolution: "source-map-js@npm:1.2.1"
  checksum: 10/ff9d8c8bf096d534a5b7707e0382ef827b4dd360a577d3f34d2b9f48e12c9d230b5747974ee7c607f0df65113732711bb701fe9ece3c7edbd43cb2294d707df3
  languageName: node
  linkType: hard

"streamsearch@npm:^1.1.0":
  version: 1.1.0
  resolution: "streamsearch@npm:1.1.0"
  checksum: 10/612c2b2a7dbcc859f74597112f80a42cbe4d448d03da790d5b7b39673c1197dd3789e91cd67210353e58857395d32c1e955a9041c4e6d5bae723436b3ed9ed14
  languageName: node
  linkType: hard

"styled-jsx@npm:5.1.6":
  version: 5.1.6
  resolution: "styled-jsx@npm:5.1.6"
  dependencies:
    client-only: "npm:0.0.1"
  peerDependencies:
    react: ">= 16.8.0 || 17.x.x || ^18.0.0-0 || ^19.0.0-0"
  peerDependenciesMeta:
    "@babel/core":
      optional: true
    babel-plugin-macros:
      optional: true
  checksum: 10/ba01200e8227fe1441a719c2e7da96c8aa7ef61d14211d1500e1abce12efa118479bcb6e7e12beecb9e1db76432caad2f4e01bbc0c9be21c134b088a4ca5ffe0
  languageName: node
  linkType: hard

"tslib@npm:^2.4.0, tslib@npm:^2.8.0":
  version: 2.8.1
  resolution: "tslib@npm:2.8.1"
  checksum: 10/3e2e043d5c2316461cb54e5c7fe02c30ef6dccb3384717ca22ae5c6b5bc95232a6241df19c622d9c73b809bea33b187f6dbc73030963e29950c2141bc32a79f7
  languageName: node
  linkType: hard

"typescript@npm:^5":
  version: 5.8.3
  resolution: "typescript@npm:5.8.3"
  bin:
    tsc: bin/tsc
    tsserver: bin/tsserver
  checksum: 10/65c40944c51b513b0172c6710ee62e951b70af6f75d5a5da745cb7fab132c09ae27ffdf7838996e3ed603bb015dadd099006658046941bd0ba30340cc563ae92
  languageName: node
  linkType: hard

"typescript@patch:typescript@npm%3A^5#optional!builtin<compat/typescript>":
  version: 5.8.3
  resolution: "typescript@patch:typescript@npm%3A5.8.3#optional!builtin<compat/typescript>::version=5.8.3&hash=5786d5"
  bin:
    tsc: bin/tsc
    tsserver: bin/tsserver
  checksum: 10/b9b1e73dabac5dc730c041325dbd9c99467c1b0d239f1b74ec3b90d831384af3e2ba973946232df670519147eb51a2c20f6f96163cea2b359f03de1e2091cc4f
  languageName: node
  linkType: hard

"undici-types@npm:~6.19.2":
  version: 6.19.8
  resolution: "undici-types@npm:6.19.8"
  checksum: 10/cf0b48ed4fc99baf56584afa91aaffa5010c268b8842f62e02f752df209e3dea138b372a60a963b3b2576ed932f32329ce7ddb9cb5f27a6c83040d8cd74b7a70
  languageName: node
  linkType: hard
